
Microsoft Visual Studio Solution File, Format Version 12.00
# Visual Studio Version 16
VisualStudioVersion = 16.0.31729.503
MinimumVisualStudioVersion = 10.0.40219.1
Project("{FAE04EC0-301F-11D3-BF4B-00C04F79EFBC}") = "DesignProject", "DesignProject.csproj", "{9E5CAA4F-98BF-4CCA-99B4-B9D1DCCB4AA0}"
EndProject
Global
	GlobalSection(SolutionConfigurationPlatforms) = preSolution
		Debug|Any CPU = Debug|Any CPU
		Release|Any CPU = Release|Any CPU
	EndGlobalSection
	GlobalSection(ProjectConfigurationPlatforms) = postSolution
		{9E5CAA4F-98BF-4CCA-99B4-B9D1DCCB4AA0}.Debug|Any CPU.ActiveCfg = Debug|Any CPU
		{9E5CAA4F-98BF-4CCA-99B4-B9D1DCCB4AA0}.Debug|Any CPU.Build.0 = Debug|Any CPU
		{9E5CAA4F-98BF-4CCA-99B4-B9D1DCCB4AA0}.Release|Any CPU.ActiveCfg = Release|Any CPU
		{9E5CAA4F-98BF-4CCA-99B4-B9D1DCCB4AA0}.Release|Any CPU.Build.0 = Release|Any CPU
	EndGlobalSection
	GlobalSection(SolutionProperties) = preSolution
		HideSolutionNode = FALSE
	EndGlobalSection
	GlobalSection(ExtensibilityGlobals) = postSolution
		SolutionGuid = {D58639F2-E883-4526-9500-98E9B65CDC56}
	EndGlobalSection
EndGlobal
