
Microsoft Visual Studio Solution File, Format Version 12.00
# Visual Studio Version 16
VisualStudioVersion = 16.0.31729.503
MinimumVisualStudioVersion = 10.0.40219.1
Project("{FAE04EC0-301F-11D3-BF4B-00C04F79EFBC}") = "App1", "App1\App1.csproj", "{ED31023A-907E-4310-B8DE-1926D398C837}"
EndProject
Global
	GlobalSection(SolutionConfigurationPlatforms) = preSolution
		Debug|Any CPU = Debug|Any CPU
		Release|Any CPU = Release|Any CPU
	EndGlobalSection
	GlobalSection(ProjectConfigurationPlatforms) = postSolution
		{ED31023A-907E-4310-B8DE-1926D398C837}.Debug|Any CPU.ActiveCfg = Debug|Any CPU
		{ED31023A-907E-4310-B8DE-1926D398C837}.Debug|Any CPU.Build.0 = Debug|Any CPU
		{ED31023A-907E-4310-B8DE-1926D398C837}.Release|Any CPU.ActiveCfg = Release|Any CPU
		{ED31023A-907E-4310-B8DE-1926D398C837}.Release|Any CPU.Build.0 = Release|Any CPU
	EndGlobalSection
	GlobalSection(SolutionProperties) = preSolution
		HideSolutionNode = FALSE
	EndGlobalSection
	GlobalSection(ExtensibilityGlobals) = postSolution
		SolutionGuid = {D323CE9C-F90B-4EE3-82FB-1E79C402A892}
	EndGlobalSection
EndGlobal
